
Microsoft Visual Studio Solution File, Format Version 12.00
# Visual Studio Version 17
VisualStudioVersion = 17.6.33829.357
MinimumVisualStudioVersion = 10.0.40219.1
Project("{9A19103F-16F7-4668-BE54-9A1E7A4F7556}") = "consoleApp", "Z:\consoleApp\consoleApp.csproj", "{3F8ABEF8-E4ED-482F-A3AA-5A0DF2B2BA86}"
EndProject
Global
	GlobalSection(SolutionConfigurationPlatforms) = preSolution
		Debug|Any CPU = Debug|Any CPU
		Release|Any CPU = Release|Any CPU
	EndGlobalSection
	GlobalSection(ProjectConfigurationPlatforms) = postSolution
		{3F8ABEF8-E4ED-482F-A3AA-5A0DF2B2BA86}.Debug|Any CPU.ActiveCfg = Debug|Any CPU
		{3F8ABEF8-E4ED-482F-A3AA-5A0DF2B2BA86}.Debug|Any CPU.Build.0 = Debug|Any CPU
		{3F8ABEF8-E4ED-482F-A3AA-5A0DF2B2BA86}.Release|Any CPU.ActiveCfg = Release|Any CPU
		{3F8ABEF8-E4ED-482F-A3AA-5A0DF2B2BA86}.Release|Any CPU.Build.0 = Release|Any CPU
	EndGlobalSection
	GlobalSection(SolutionProperties) = preSolution
		HideSolutionNode = FALSE
	EndGlobalSection
	GlobalSection(ExtensibilityGlobals) = postSolution
		SolutionGuid = {E92744B5-ACBE-4837-AB30-460CE19C7168}
	EndGlobalSection
EndGlobal
